
Microsoft Visual Studio Solution File, Format Version 12.00
Project("{FAE04EC0-301F-11D3-BF4B-00C04F79EFBC}") = "PROYECTO FINAL POO Y BD", "PROYECTO FINAL POO Y BD\PROYECTO FINAL POO Y BD.csproj", "{3AE10C8B-166C-42D7-9DC9-B5D7310FCC4F}"
EndProject
Global
	GlobalSection(SolutionConfigurationPlatforms) = preSolution
		Debug|Any CPU = Debug|Any CPU
		Release|Any CPU = Release|Any CPU
	EndGlobalSection
	GlobalSection(ProjectConfigurationPlatforms) = postSolution
		{3AE10C8B-166C-42D7-9DC9-B5D7310FCC4F}.Debug|Any CPU.ActiveCfg = Debug|Any CPU
		{3AE10C8B-166C-42D7-9DC9-B5D7310FCC4F}.Debug|Any CPU.Build.0 = Debug|Any CPU
		{3AE10C8B-166C-42D7-9DC9-B5D7310FCC4F}.Release|Any CPU.ActiveCfg = Release|Any CPU
		{3AE10C8B-166C-42D7-9DC9-B5D7310FCC4F}.Release|Any CPU.Build.0 = Release|Any CPU
	EndGlobalSection
EndGlobal
